
Microsoft Visual Studio Solution File, Format Version 12.00
# Visual Studio 15
VisualStudioVersion = 15.0.28010.2026
MinimumVisualStudioVersion = 10.0.40219.1
Project("{2150E333-8FDC-42A3-9474-1A3956D46DE8}") = "API", "API", "{41712195-0BC1-48A5-8B89-788A5DEDE479}"
EndProject
Project("{FAE04EC0-301F-11D3-BF4B-00C04F79EFBC}") = "NutritionDiary.WebAPI", "NutritionDiary.WebAPI\NutritionDiary.WebAPI.csproj", "{ED48D97B-C891-40F6-A538-0C85DE89F021}"
EndProject
Project("{FAE04EC0-301F-11D3-BF4B-00C04F79EFBC}") = "NutritionDiary.WebAPI.Tests", "NutritionDiary.WebAPI.Tests\NutritionDiary.WebAPI.Tests.csproj", "{98BF9CF2-9559-4BE1-AD5F-5EC6245963DA}"
EndProject
Global
	GlobalSection(SolutionConfigurationPlatforms) = preSolution
		Debug|Any CPU = Debug|Any CPU
		Release|Any CPU = Release|Any CPU
	EndGlobalSection
	GlobalSection(ProjectConfigurationPlatforms) = postSolution
		{ED48D97B-C891-40F6-A538-0C85DE89F021}.Debug|Any CPU.ActiveCfg = Debug|Any CPU
		{ED48D97B-C891-40F6-A538-0C85DE89F021}.Debug|Any CPU.Build.0 = Debug|Any CPU
		{ED48D97B-C891-40F6-A538-0C85DE89F021}.Release|Any CPU.ActiveCfg = Release|Any CPU
		{ED48D97B-C891-40F6-A538-0C85DE89F021}.Release|Any CPU.Build.0 = Release|Any CPU
		{98BF9CF2-9559-4BE1-AD5F-5EC6245963DA}.Debug|Any CPU.ActiveCfg = Debug|Any CPU
		{98BF9CF2-9559-4BE1-AD5F-5EC6245963DA}.Debug|Any CPU.Build.0 = Debug|Any CPU
		{98BF9CF2-9559-4BE1-AD5F-5EC6245963DA}.Release|Any CPU.ActiveCfg = Release|Any CPU
		{98BF9CF2-9559-4BE1-AD5F-5EC6245963DA}.Release|Any CPU.Build.0 = Release|Any CPU
	EndGlobalSection
	GlobalSection(SolutionProperties) = preSolution
		HideSolutionNode = FALSE
	EndGlobalSection
	GlobalSection(NestedProjects) = preSolution
		{ED48D97B-C891-40F6-A538-0C85DE89F021} = {41712195-0BC1-48A5-8B89-788A5DEDE479}
		{98BF9CF2-9559-4BE1-AD5F-5EC6245963DA} = {41712195-0BC1-48A5-8B89-788A5DEDE479}
	EndGlobalSection
	GlobalSection(ExtensibilityGlobals) = postSolution
		SolutionGuid = {AD6E8238-8C0C-4D17-83EA-88BB80615F56}
	EndGlobalSection
EndGlobal
